{
  "version": "5",
  "specifiers": {
    "jsr:@antim/dimsim@*": "0.1.27",
    "jsr:@dimos/msgs@~0.1.4": "0.1.4",
    "jsr:@std/cli@^1.0.27": "1.0.27",
    "jsr:@std/encoding@^1.0.10": "1.0.10",
    "jsr:@std/fmt@^1.0.9": "1.0.9",
    "jsr:@std/fs@^1.0.22": "1.0.22",
    "jsr:@std/html@^1.0.5": "1.0.5",
    "jsr:@std/http@1": "1.0.24",
    "jsr:@std/internal@^1.0.12": "1.0.12",
    "jsr:@std/media-types@^1.1.0": "1.1.0",
    "jsr:@std/net@^1.0.6": "1.0.6",
    "jsr:@std/path@1": "1.1.4",
    "jsr:@std/path@^1.1.4": "1.1.4",
    "jsr:@std/streams@^1.0.17": "1.0.17",
    "npm:@dimforge/rapier3d-compat@0.14": "0.14.0",
    "npm:playwright@*": "1.58.2",
    "npm:playwright@^1.58.0": "1.58.2"
  },
  "jsr": {
    "@antim/dimsim@0.1.27": {
      "integrity": "fc7f8f3aaeb0e06b06aaf35e157308f656be344db434a10bb573343c43a4bbbb",
      "dependencies": [
        "jsr:@dimos/msgs",
        "jsr:@std/http",
        "jsr:@std/path@1",
        "npm:@dimforge/rapier3d-compat",
        "npm:playwright@^1.58.0"
      ]
    },
    "@dimos/msgs@0.1.4": {
      "integrity": "564bc30b4bc41a562c296c257a15055283ca0cbd66d0627991ede5295832d0c4"
    },
    "@std/cli@1.0.27": {
      "integrity": "eba97edd0891871a7410e835dd94b3c260c709cca5983df2689c25a71fbe04de"
    },
    "@std/encoding@1.0.10": {
      "integrity": "8783c6384a2d13abd5e9e87a7ae0520a30e9f56aeeaa3bdf910a3eaaf5c811a1"
    },
    "@std/fmt@1.0.9": {
      "integrity": "2487343e8899fb2be5d0e3d35013e54477ada198854e52dd05ed0422eddcabe0"
    },
    "@std/fs@1.0.22": {
      "integrity": "de0f277a58a867147a8a01bc1b181d0dfa80bfddba8c9cf2bacd6747bcec9308"
    },
    "@std/html@1.0.5": {
      "integrity": "4e2d693f474cae8c16a920fa5e15a3b72267b94b84667f11a50c6dd1cb18d35e"
    },
    "@std/http@1.0.24": {
      "integrity": "4dd59afd7cfd6e2e96e175b67a5a829b449ae55f08575721ec691e5d85d886d4",
      "dependencies": [
        "jsr:@std/cli",
        "jsr:@std/encoding",
        "jsr:@std/fmt",
        "jsr:@std/fs",
        "jsr:@std/html",
        "jsr:@std/media-types",
        "jsr:@std/net",
        "jsr:@std/path@^1.1.4",
        "jsr:@std/streams"
      ]
    },
    "@std/internal@1.0.12": {
      "integrity": "972a634fd5bc34b242024402972cd5143eac68d8dffaca5eaa4dba30ce17b027"
    },
    "@std/media-types@1.1.0": {
      "integrity": "c9d093f0c05c3512932b330e3cc1fe1d627b301db33a4c2c2185c02471d6eaa4"
    },
    "@std/net@1.0.6": {
      "integrity": "110735f93e95bb9feb95790a8b1d1bf69ec0dc74f3f97a00a76ea5efea25500c"
    },
    "@std/path@1.1.4": {
      "integrity": "1d2d43f39efb1b42f0b1882a25486647cb851481862dc7313390b2bb044314b5",
      "dependencies": [
        "jsr:@std/internal"
      ]
    },
    "@std/streams@1.0.17": {
      "integrity": "7859f3d9deed83cf4b41f19223d4a67661b3d3819e9fc117698f493bf5992140"
    }
  },
  "npm": {
    "@dimforge/rapier3d-compat@0.14.0": {
      "integrity": "sha512-/uHrUzS+CRQ+NQrrJCEDUkhwHlNsAAexbNXgbN9sHY+GwR+SFFAFrxRr8Llf5/AJZzqiLANdQIfJ63Cw4gJVqw=="
    },
    "fsevents@2.3.2": {
      "integrity": "sha512-xiqMQR4xAeHTuB9uWm+fFRcIOgKBMiOBP+eXiyT7jsgVCq1bkVygt00oASowB7EdtpOHaaPgKt812P9ab+DDKA==",
      "os": ["darwin"],
      "scripts": true
    },
    "playwright-core@1.58.2": {
      "integrity": "sha512-yZkEtftgwS8CsfYo7nm0KE8jsvm6i/PTgVtB8DL726wNf6H2IMsDuxCpJj59KDaxCtSnrWan2AeDqM7JBaultg==",
      "bin": true
    },
    "playwright@1.58.2": {
      "integrity": "sha512-vA30H8Nvkq/cPBnNw4Q8TWz1EJyqgpuinBcHET0YVJVFldr8JDNiU9LaWAE1KqSkRYazuaBhTpB5ZzShOezQ6A==",
      "dependencies": [
        "playwright-core"
      ],
      "optionalDependencies": [
        "fsevents"
      ],
      "bin": true
    }
  },
  "remote": {
    "https://esm.sh/@jsr/dimos__msgs@0.1.4/denonext/actionlib_msgs.mjs": "2f706dfd97204114149ca547b9b724ca944bf1ba75fc72623d021b7d22939811",
    "https://esm.sh/@jsr/dimos__msgs@0.1.4/denonext/builtin_interfaces.mjs": "f9da584bb34a9ad38d202c0421ac89602af077251c4b2c0b3a662ff234438955",
    "https://esm.sh/@jsr/dimos__msgs@0.1.4/denonext/diagnostic_msgs.mjs": "78a159ad0713650b86a8e8d64a898a47da883c47f3c0b32ab584cf1015e9409e",
    "https://esm.sh/@jsr/dimos__msgs@0.1.4/denonext/dimos__msgs.mjs": "0ccac00c5626361db8433a7a74251008e8e15f279cd6d92c3ceb25e059969e6e",
    "https://esm.sh/@jsr/dimos__msgs@0.1.4/denonext/foxglove_msgs.mjs": "09423ba04f26f6219462312d0ca467998d2a0b7e553a910589cce0a0fbdb1064",
    "https://esm.sh/@jsr/dimos__msgs@0.1.4/denonext/generated/builtin_interfaces/Duration.mjs": "6071b8dbdf39898af805768d01b526782838dd12c9f1bb82bffa64aaa3c1e369",
    "https://esm.sh/@jsr/dimos__msgs@0.1.4/denonext/generated/builtin_interfaces/Time.mjs": "93510f3a3920c3c2978231f122e5cbbc44b8f2bc2df368e143f4cf4d8d0b40e6",
    "https://esm.sh/@jsr/dimos__msgs@0.1.4/denonext/generated/geometry_msgs/Point.mjs": "19978e44bb2055ea6c60addd61e93ccba06db2659f3d058f7de9105a5ef13075",
    "https://esm.sh/@jsr/dimos__msgs@0.1.4/denonext/generated/geometry_msgs/Point32.mjs": "626e33e8841a5640b7006de5d581c28faee7a2b13e87ab6d05355a2c2423f244",
    "https://esm.sh/@jsr/dimos__msgs@0.1.4/denonext/generated/geometry_msgs/Pose.mjs": "1765e4383c7a7d6416362349fb3f97865622d0974c3672bad338a215f3b13667",
    "https://esm.sh/@jsr/dimos__msgs@0.1.4/denonext/generated/geometry_msgs/PoseStamped.mjs": "871f0305ae474882ba491592afac24adfeb66db2950fc89eb90f9f8064294049",
    "https://esm.sh/@jsr/dimos__msgs@0.1.4/denonext/generated/geometry_msgs/PoseWithCovariance.mjs": "6acd11ebb2b660676a125490c16ac3e4d003cef068f0d10bb363a233fe0859e1",
    "https://esm.sh/@jsr/dimos__msgs@0.1.4/denonext/generated/geometry_msgs/Quaternion.mjs": "0f52bb6f1e879284579e06db80e0217d64e18a20e7dbd549887b0b9ad51c8935",
    "https://esm.sh/@jsr/dimos__msgs@0.1.4/denonext/generated/geometry_msgs/Transform.mjs": "dee89ea7bcd2bce2ba367f98ec843551ecb2a0a94d69e09e85ab84bf2926b56d",
    "https://esm.sh/@jsr/dimos__msgs@0.1.4/denonext/generated/geometry_msgs/TransformStamped.mjs": "4845ddc97b2608316d40807599e738383c6f65ad78ab7bfb7137b1aad5d15798",
    "https://esm.sh/@jsr/dimos__msgs@0.1.4/denonext/generated/geometry_msgs/Twist.mjs": "b8df01fa9746271482330b4a768aa42c7bccb9bb97e4909e42c521513f490f52",
    "https://esm.sh/@jsr/dimos__msgs@0.1.4/denonext/generated/geometry_msgs/TwistWithCovariance.mjs": "b1b2a3990912e4a89e1514c60da4838ef63c908ce919f4548ef0bd1d1232c3c4",
    "https://esm.sh/@jsr/dimos__msgs@0.1.4/denonext/generated/geometry_msgs/Vector3.mjs": "a4752ef921dd217387cc0bc8da293a5c9c7eed177f8ffacf9328fca58a64f214",
    "https://esm.sh/@jsr/dimos__msgs@0.1.4/denonext/generated/geometry_msgs/Wrench.mjs": "1fdd2055ab81583c18a28450dc7c699fa9463387ae7d813c67b45c4bdf322e57",
    "https://esm.sh/@jsr/dimos__msgs@0.1.4/denonext/generated/sensor_msgs/Image.mjs": "46bcbe13aaf3d7bbf6e318dcdde79a30a670ab22dce3a10cadfa6a48dcbba600",
    "https://esm.sh/@jsr/dimos__msgs@0.1.4/denonext/generated/sensor_msgs/RegionOfInterest.mjs": "e722e28398afd8db7457db7cb390134c1ff2d7d8fa5a16a743e4b37fc6b5553f",
    "https://esm.sh/@jsr/dimos__msgs@0.1.4/denonext/generated/std_msgs/ColorRGBA.mjs": "e771e1f7bcfb7119e717433ad031fe037f9afb63e4680882482c3b2f2527878c",
    "https://esm.sh/@jsr/dimos__msgs@0.1.4/denonext/generated/std_msgs/Duration.mjs": "ad03970dabf464ca247a485aeaaa14c1d8fccd181aa01ca7019148b3345ca280",
    "https://esm.sh/@jsr/dimos__msgs@0.1.4/denonext/generated/std_msgs/Header.mjs": "69ef0a5c12b33cf57c2822667cd9bf0ee8c0f67304c0d7c5a5b5e1ac1af854f7",
    "https://esm.sh/@jsr/dimos__msgs@0.1.4/denonext/generated/std_msgs/Time.mjs": "d5e78ca2112b1b1b8fa3c96a5f5af854349c99a87d319d081dac365372aba818",
    "https://esm.sh/@jsr/dimos__msgs@0.1.4/denonext/geometry_msgs.mjs": "264d8ac36ae556851ebe4c91e55f1c9b32f7126c803cdcca8e09c9d54965fcff",
    "https://esm.sh/@jsr/dimos__msgs@0.1.4/denonext/nav_msgs.mjs": "d6797b588b531344885f3ecfeb33e8c714a74515ee375ff919642e082bd55645",
    "https://esm.sh/@jsr/dimos__msgs@0.1.4/denonext/sensor_msgs.mjs": "c6bd485819d07eee8bbfd6f92094f0067c4e7e46b68b40c1bdcb9e858d3bc3ba",
    "https://esm.sh/@jsr/dimos__msgs@0.1.4/denonext/shape_msgs.mjs": "0a309b2e24bc7761cc30712f7ddecb1a0383cdf0e9d8af5a8ef3d437ab7c6511",
    "https://esm.sh/@jsr/dimos__msgs@0.1.4/denonext/std_msgs.mjs": "2564bcb809f51f80146ed50cf8d57c3103f848dfe192b1a02f6a1acf60f298e7",
    "https://esm.sh/@jsr/dimos__msgs@0.1.4/denonext/stereo_msgs.mjs": "c07613cac332515ee816388962acb21adf7ee1bdd4616679292f1b2e02ceac36",
    "https://esm.sh/@jsr/dimos__msgs@0.1.4/denonext/tf2_msgs.mjs": "771a8a752af5715dd4c3e06d6864dbfadf6f7fd2b33b0a235b95bacf68f0f08a",
    "https://esm.sh/@jsr/dimos__msgs@0.1.4/denonext/trajectory_msgs.mjs": "fa9822243df889f5a55fa8d7ab0fcbc114c082800a7d2d946fd4e5a403438733",
    "https://esm.sh/@jsr/dimos__msgs@0.1.4/denonext/vision_msgs.mjs": "2c9c3c6d395ff36fb0b06490705f3834c7685142fafccefe0238a859ac7c2d5f",
    "https://esm.sh/@jsr/dimos__msgs@0.1.4/denonext/visualization_msgs.mjs": "80599f128872ace20f59e9a3a60bf84166e4fcb1bd44531b3f4ed52562cb66f8",
    "https://esm.sh/jsr/@dimos/msgs@0.1.4": "91b8ee023a7f83b1fde6f6f8a5295db9c0ac413860e1a0013ce1d2f564d517a8"
  },
  "workspace": {
    "dependencies": [
      "jsr:@dimos/msgs@~0.1.4",
      "jsr:@std/http@1",
      "jsr:@std/path@1",
      "npm:@dimforge/rapier3d-compat@0.14",
      "npm:playwright@^1.58.0"
    ]
  }
}
