version = 1
revision = 3
requires-python = ">=3.10, <3.13"
resolution-markers = [
    "python_full_version >= '3.12' and sys_platform == 'win32'",
    "python_full_version >= '3.12' and sys_platform == 'emscripten'",
    "python_full_version >= '3.12' and sys_platform != 'emscripten' and sys_platform != 'win32'",
    "python_full_version == '3.11.*' and sys_platform == 'win32'",
    "python_full_version == '3.11.*' and sys_platform == 'emscripten'",
    "python_full_version == '3.11.*' and sys_platform != 'emscripten' and sys_platform != 'win32'",
    "python_full_version < '3.11'",
]

[options]
exclude-newer = "0001-01-01T00:00:00Z" # This has no effect and is included for backwards compatibility when using relative exclude-newer values.
exclude-newer-span = "P7D"

[options.exclude-newer-package]
dimos-viewer = false
dimos-lcm = false
lcm-dimos-fork = false
pyrealsense2-extended = false
roboplan = false

[[package]]
name = "dimos-demo-worker-module"
version = "0.1.0"
source = { editable = "." }
dependencies = [
    { name = "inflection" },
]

[package.metadata]
requires-dist = [{ name = "inflection", specifier = ">=0.5.1" }]

[[package]]
name = "inflection"
version = "0.5.1"
source = { registry = "https://pypi.org/simple" }
sdist = { url = "https://files.pythonhosted.org/packages/e1/7e/691d061b7329bc8d54edbf0ec22fbfb2afe61facb681f9aaa9bff7a27d04/inflection-0.5.1.tar.gz", hash = "sha256:1a29730d366e996aaacffb2f1f1cb9593dc38e2ddd30c91250c6dde09ea9b417", size = 15091, upload-time = "2020-08-22T08:16:29.139Z" }
wheels = [
    { url = "https://files.pythonhosted.org/packages/59/91/aa6bde563e0085a02a435aa99b49ef75b0a4b062635e606dab23ce18d720/inflection-0.5.1-py2.py3-none-any.whl", hash = "sha256:f38b2b640938a4f35ade69ac3d053042959b62a0f1076a5bbaa1b9526605a8a2", size = 9454, upload-time = "2020-08-22T08:16:27.816Z" },
]
